
Microsoft Visual Studio Solution File, Format Version 12.00
# Visual Studio Version 17
VisualStudioVersion = 17.0.31903.59
MinimumVisualStudioVersion = 10.0.40219.1
Project("{FAE04EC0-301F-11D3-BF4B-00C04F79EFBC}") = "AplikacjaVisualData.Backend", "src\AplikacjaVisualData.Backend\AplikacjaVisualData.Backend.csproj", "{9F2F177D-4342-4845-8A0D-20A9ECE4CE67}"
EndProject
Global
	GlobalSection(SolutionConfigurationPlatforms) = preSolution
		Debug|Any CPU = Debug|Any CPU
		Release|Any CPU = Release|Any CPU
	EndGlobalSection
	GlobalSection(ProjectConfigurationPlatforms) = postSolution
		{9F2F177D-4342-4845-8A0D-20A9ECE4CE67}.Debug|Any CPU.ActiveCfg = Debug|Any CPU
		{9F2F177D-4342-4845-8A0D-20A9ECE4CE67}.Debug|Any CPU.Build.0 = Debug|Any CPU
		{9F2F177D-4342-4845-8A0D-20A9ECE4CE67}.Release|Any CPU.ActiveCfg = Release|Any CPU
		{9F2F177D-4342-4845-8A0D-20A9ECE4CE67}.Release|Any CPU.Build.0 = Release|Any CPU
	EndGlobalSection
	GlobalSection(SolutionProperties) = preSolution
		HideSolutionNode = FALSE
	EndGlobalSection
	GlobalSection(ExtensibilityGlobals) = postSolution
		SolutionGuid = {2A9230FB-9BCD-45A4-83C1-A9C05B847A30}
		        SolutionGuid = {11D13985-00CE-421F-AD80-A8AAEAB83B89}
	EndGlobalSection
EndGlobal
